
Microsoft Visual Studio Solution File, Format Version 12.00
# Visual Studio Version 17
VisualStudioVersion = 17.0.31903.59
MinimumVisualStudioVersion = 10.0.40219.1
Project("{2150E333-8FDC-42A3-9474-1A3956D46DE8}") = "src", "src", "{00113406-32D6-4434-9EA2-E94C22488A25}"
EndProject
Project("{FAE04EC0-301F-11D3-BF4B-00C04F79EFBC}") = "AISI.AcumaticaWebhookAuthenticator.Core", "src\AISI.AcumaticaWebhookAuthenticator.Core\AISI.AcumaticaWebhookAuthenticator.Core.csproj", "{7B7C3996-FD5D-4C2B-966E-1A441BC7CF00}"
EndProject
Project("{2150E333-8FDC-42A3-9474-1A3956D46DE8}") = "tests", "tests", "{AB5F6CD5-B243-4E12-A0E1-0681339CF862}"
EndProject
Project("{FAE04EC0-301F-11D3-BF4B-00C04F79EFBC}") = "AISI.AcumaticaWebhookAuthenticator.Core.Tests", "tests\AISI.AcumaticaWebhookAuthenticator.Core.Tests\AISI.AcumaticaWebhookAuthenticator.Core.Tests.csproj", "{2E5C8246-C089-4BE2-839C-B5CCD6AB4C09}"
EndProject
Project("{FAE04EC0-301F-11D3-BF4B-00C04F79EFBC}") = "AISI.AcumaticaWebhookAuthenticator.Acumatica", "src\AISI.AcumaticaWebhookAuthenticator.Acumatica\AISI.AcumaticaWebhookAuthenticator.Acumatica.csproj", "{C3A06A2D-8C88-4331-A19E-27C5937484EE}"
EndProject
Project("{FAE04EC0-301F-11D3-BF4B-00C04F79EFBC}") = "AISI.AcumaticaWebhookAuthenticator.SiteSmokeTest", "tests\AISI.AcumaticaWebhookAuthenticator.SiteSmokeTest\AISI.AcumaticaWebhookAuthenticator.SiteSmokeTest.csproj", "{0A62EC52-6E84-41A7-8FD1-14C463498748}"
EndProject
Global
	GlobalSection(SolutionConfigurationPlatforms) = preSolution
		Debug|Any CPU = Debug|Any CPU
		Debug|x64 = Debug|x64
		Debug|x86 = Debug|x86
		Release|Any CPU = Release|Any CPU
		Release|x64 = Release|x64
		Release|x86 = Release|x86
	EndGlobalSection
	GlobalSection(ProjectConfigurationPlatforms) = postSolution
		{7B7C3996-FD5D-4C2B-966E-1A441BC7CF00}.Debug|Any CPU.ActiveCfg = Debug|Any CPU
		{7B7C3996-FD5D-4C2B-966E-1A441BC7CF00}.Debug|Any CPU.Build.0 = Debug|Any CPU
		{7B7C3996-FD5D-4C2B-966E-1A441BC7CF00}.Debug|x64.ActiveCfg = Debug|Any CPU
		{7B7C3996-FD5D-4C2B-966E-1A441BC7CF00}.Debug|x64.Build.0 = Debug|Any CPU
		{7B7C3996-FD5D-4C2B-966E-1A441BC7CF00}.Debug|x86.ActiveCfg = Debug|Any CPU
		{7B7C3996-FD5D-4C2B-966E-1A441BC7CF00}.Debug|x86.Build.0 = Debug|Any CPU
		{7B7C3996-FD5D-4C2B-966E-1A441BC7CF00}.Release|Any CPU.ActiveCfg = Release|Any CPU
		{7B7C3996-FD5D-4C2B-966E-1A441BC7CF00}.Release|Any CPU.Build.0 = Release|Any CPU
		{7B7C3996-FD5D-4C2B-966E-1A441BC7CF00}.Release|x64.ActiveCfg = Release|Any CPU
		{7B7C3996-FD5D-4C2B-966E-1A441BC7CF00}.Release|x64.Build.0 = Release|Any CPU
		{7B7C3996-FD5D-4C2B-966E-1A441BC7CF00}.Release|x86.ActiveCfg = Release|Any CPU
		{7B7C3996-FD5D-4C2B-966E-1A441BC7CF00}.Release|x86.Build.0 = Release|Any CPU
		{2E5C8246-C089-4BE2-839C-B5CCD6AB4C09}.Debug|Any CPU.ActiveCfg = Debug|Any CPU
		{2E5C8246-C089-4BE2-839C-B5CCD6AB4C09}.Debug|Any CPU.Build.0 = Debug|Any CPU
		{2E5C8246-C089-4BE2-839C-B5CCD6AB4C09}.Debug|x64.ActiveCfg = Debug|Any CPU
		{2E5C8246-C089-4BE2-839C-B5CCD6AB4C09}.Debug|x64.Build.0 = Debug|Any CPU
		{2E5C8246-C089-4BE2-839C-B5CCD6AB4C09}.Debug|x86.ActiveCfg = Debug|Any CPU
		{2E5C8246-C089-4BE2-839C-B5CCD6AB4C09}.Debug|x86.Build.0 = Debug|Any CPU
		{2E5C8246-C089-4BE2-839C-B5CCD6AB4C09}.Release|Any CPU.ActiveCfg = Release|Any CPU
		{2E5C8246-C089-4BE2-839C-B5CCD6AB4C09}.Release|Any CPU.Build.0 = Release|Any CPU
		{2E5C8246-C089-4BE2-839C-B5CCD6AB4C09}.Release|x64.ActiveCfg = Release|Any CPU
		{2E5C8246-C089-4BE2-839C-B5CCD6AB4C09}.Release|x64.Build.0 = Release|Any CPU
		{2E5C8246-C089-4BE2-839C-B5CCD6AB4C09}.Release|x86.ActiveCfg = Release|Any CPU
		{2E5C8246-C089-4BE2-839C-B5CCD6AB4C09}.Release|x86.Build.0 = Release|Any CPU
		{C3A06A2D-8C88-4331-A19E-27C5937484EE}.Debug|Any CPU.ActiveCfg = Debug|Any CPU
		{C3A06A2D-8C88-4331-A19E-27C5937484EE}.Debug|Any CPU.Build.0 = Debug|Any CPU
		{C3A06A2D-8C88-4331-A19E-27C5937484EE}.Debug|x64.ActiveCfg = Debug|Any CPU
		{C3A06A2D-8C88-4331-A19E-27C5937484EE}.Debug|x64.Build.0 = Debug|Any CPU
		{C3A06A2D-8C88-4331-A19E-27C5937484EE}.Debug|x86.ActiveCfg = Debug|Any CPU
		{C3A06A2D-8C88-4331-A19E-27C5937484EE}.Debug|x86.Build.0 = Debug|Any CPU
		{C3A06A2D-8C88-4331-A19E-27C5937484EE}.Release|Any CPU.ActiveCfg = Release|Any CPU
		{C3A06A2D-8C88-4331-A19E-27C5937484EE}.Release|Any CPU.Build.0 = Release|Any CPU
		{C3A06A2D-8C88-4331-A19E-27C5937484EE}.Release|x64.ActiveCfg = Release|Any CPU
		{C3A06A2D-8C88-4331-A19E-27C5937484EE}.Release|x64.Build.0 = Release|Any CPU
		{C3A06A2D-8C88-4331-A19E-27C5937484EE}.Release|x86.ActiveCfg = Release|Any CPU
		{C3A06A2D-8C88-4331-A19E-27C5937484EE}.Release|x86.Build.0 = Release|Any CPU
		{0A62EC52-6E84-41A7-8FD1-14C463498748}.Debug|Any CPU.ActiveCfg = Debug|Any CPU
		{0A62EC52-6E84-41A7-8FD1-14C463498748}.Debug|Any CPU.Build.0 = Debug|Any CPU
		{0A62EC52-6E84-41A7-8FD1-14C463498748}.Debug|x64.ActiveCfg = Debug|Any CPU
		{0A62EC52-6E84-41A7-8FD1-14C463498748}.Debug|x64.Build.0 = Debug|Any CPU
		{0A62EC52-6E84-41A7-8FD1-14C463498748}.Debug|x86.ActiveCfg = Debug|Any CPU
		{0A62EC52-6E84-41A7-8FD1-14C463498748}.Debug|x86.Build.0 = Debug|Any CPU
		{0A62EC52-6E84-41A7-8FD1-14C463498748}.Release|Any CPU.ActiveCfg = Release|Any CPU
		{0A62EC52-6E84-41A7-8FD1-14C463498748}.Release|Any CPU.Build.0 = Release|Any CPU
		{0A62EC52-6E84-41A7-8FD1-14C463498748}.Release|x64.ActiveCfg = Release|Any CPU
		{0A62EC52-6E84-41A7-8FD1-14C463498748}.Release|x64.Build.0 = Release|Any CPU
		{0A62EC52-6E84-41A7-8FD1-14C463498748}.Release|x86.ActiveCfg = Release|Any CPU
		{0A62EC52-6E84-41A7-8FD1-14C463498748}.Release|x86.Build.0 = Release|Any CPU
	EndGlobalSection
	GlobalSection(SolutionProperties) = preSolution
		HideSolutionNode = FALSE
	EndGlobalSection
	GlobalSection(NestedProjects) = preSolution
		{7B7C3996-FD5D-4C2B-966E-1A441BC7CF00} = {00113406-32D6-4434-9EA2-E94C22488A25}
		{2E5C8246-C089-4BE2-839C-B5CCD6AB4C09} = {AB5F6CD5-B243-4E12-A0E1-0681339CF862}
		{C3A06A2D-8C88-4331-A19E-27C5937484EE} = {00113406-32D6-4434-9EA2-E94C22488A25}
		{0A62EC52-6E84-41A7-8FD1-14C463498748} = {AB5F6CD5-B243-4E12-A0E1-0681339CF862}
	EndGlobalSection
EndGlobal
